
Microsoft Visual Studio Solution File, Format Version 12.00
# Visual Studio Version 16
VisualStudioVersion = 16.0.30717.126
MinimumVisualStudioVersion = 10.0.40219.1
Project("{FAE04EC0-301F-11D3-BF4B-00C04F79EFBC}") = "CadElec", "CadElec\CadElec.csproj", "{387875AF-3D0B-4EED-A63E-ADA159AFCAD6}"
EndProject
Project("{FAE04EC0-301F-11D3-BF4B-00C04F79EFBC}") = "ClnElec", "ClnElec\ClnElec.csproj", "{930072E9-5944-4544-801D-235EAB02494E}"
EndProject
Project("{FAE04EC0-301F-11D3-BF4B-00C04F79EFBC}") = "CpElec", "CpElec\CpElec.csproj", "{2E8910D4-FD5B-4229-8784-3573DB477F06}"
EndProject
Global
	GlobalSection(SolutionConfigurationPlatforms) = preSolution
		Debug|Any CPU = Debug|Any CPU
		Release|Any CPU = Release|Any CPU
	EndGlobalSection
	GlobalSection(ProjectConfigurationPlatforms) = postSolution
		{387875AF-3D0B-4EED-A63E-ADA159AFCAD6}.Debug|Any CPU.ActiveCfg = Debug|Any CPU
		{387875AF-3D0B-4EED-A63E-ADA159AFCAD6}.Debug|Any CPU.Build.0 = Debug|Any CPU
		{387875AF-3D0B-4EED-A63E-ADA159AFCAD6}.Release|Any CPU.ActiveCfg = Release|Any CPU
		{387875AF-3D0B-4EED-A63E-ADA159AFCAD6}.Release|Any CPU.Build.0 = Release|Any CPU
		{930072E9-5944-4544-801D-235EAB02494E}.Debug|Any CPU.ActiveCfg = Debug|Any CPU
		{930072E9-5944-4544-801D-235EAB02494E}.Debug|Any CPU.Build.0 = Debug|Any CPU
		{930072E9-5944-4544-801D-235EAB02494E}.Release|Any CPU.ActiveCfg = Release|Any CPU
		{930072E9-5944-4544-801D-235EAB02494E}.Release|Any CPU.Build.0 = Release|Any CPU
		{2E8910D4-FD5B-4229-8784-3573DB477F06}.Debug|Any CPU.ActiveCfg = Debug|Any CPU
		{2E8910D4-FD5B-4229-8784-3573DB477F06}.Debug|Any CPU.Build.0 = Debug|Any CPU
		{2E8910D4-FD5B-4229-8784-3573DB477F06}.Release|Any CPU.ActiveCfg = Release|Any CPU
		{2E8910D4-FD5B-4229-8784-3573DB477F06}.Release|Any CPU.Build.0 = Release|Any CPU
	EndGlobalSection
	GlobalSection(SolutionProperties) = preSolution
		HideSolutionNode = FALSE
	EndGlobalSection
	GlobalSection(ExtensibilityGlobals) = postSolution
		SolutionGuid = {FC91422B-49F4-4F00-A1F6-AECC0443741F}
	EndGlobalSection
EndGlobal
